{
  "name": "ng_demo",
  "version": "1.0.0",
  "lockfileVersion": 2,
  "requires": true,
  "packages": {
    "": {
      "name": "ng_demo",
      "version": "1.0.0",
      "license": "ISC",
      "dependencies": {
        "@angular/compiler": "^13.0.0"
      }
    },
    "node_modules/@angular/compiler": {
      "version": "13.0.0",
      "resolved": "https://registry.npmjs.org/@angular/compiler/-/compiler-13.0.0.tgz",
      "integrity": "sha512-EBFHKDbYHSjVNlz0/7FmWU6owFAaRSx0OVjkq2zvR+ECUT8qsQNAfUAeaGHK3a4TMJ/fbgUFC3cSUY6/jhgcgg==",
      "dependencies": {
        "tslib": "^2.3.0"
      },
      "engines": {
        "node": "^12.20.0 || ^14.15.0 || >=16.10.0"
      }
    },
    "node_modules/tslib": {
      "version": "2.3.1",
      "resolved": "https://registry.npmjs.org/tslib/-/tslib-2.3.1.tgz",
      "integrity": "sha512-77EbyPPpMz+FRFRuAFlWMtmgUWGe9UOG2Z25NqCwiIjRhOf5iKGuzSe5P2w1laq+FkRy4p+PCuVkJSGkzTEKVw=="
    }
  },
  "dependencies": {
    "@angular/compiler": {
      "version": "13.0.0",
      "resolved": "https://registry.npmjs.org/@angular/compiler/-/compiler-13.0.0.tgz",
      "integrity": "sha512-EBFHKDbYHSjVNlz0/7FmWU6owFAaRSx0OVjkq2zvR+ECUT8qsQNAfUAeaGHK3a4TMJ/fbgUFC3cSUY6/jhgcgg==",
      "requires": {
        "tslib": "^2.3.0"
      }
    },
    "tslib": {
      "version": "2.3.1",
      "resolved": "https://registry.npmjs.org/tslib/-/tslib-2.3.1.tgz",
      "integrity": "sha512-77EbyPPpMz+FRFRuAFlWMtmgUWGe9UOG2Z25NqCwiIjRhOf5iKGuzSe5P2w1laq+FkRy4p+PCuVkJSGkzTEKVw=="
    }
  }
}
